
Microsoft Visual Studio Solution File, Format Version 12.00
# Visual Studio 15
VisualStudioVersion = 15.0.27130.2024
MinimumVisualStudioVersion = 10.0.40219.1
Project("{FAE04EC0-301F-11D3-BF4B-00C04F79EFBC}") = "BorBritanico", "BorBritanico\BorBritanico.csproj", "{223A88DF-DA20-4A94-B386-BD4BA49B069E}"
EndProject
Global
	GlobalSection(SolutionConfigurationPlatforms) = preSolution
		Debug|Any CPU = Debug|Any CPU
		Release|Any CPU = Release|Any CPU
	EndGlobalSection
	GlobalSection(ProjectConfigurationPlatforms) = postSolution
		{223A88DF-DA20-4A94-B386-BD4BA49B069E}.Debug|Any CPU.ActiveCfg = Debug|Any CPU
		{223A88DF-DA20-4A94-B386-BD4BA49B069E}.Debug|Any CPU.Build.0 = Debug|Any CPU
		{223A88DF-DA20-4A94-B386-BD4BA49B069E}.Release|Any CPU.ActiveCfg = Release|Any CPU
		{223A88DF-DA20-4A94-B386-BD4BA49B069E}.Release|Any CPU.Build.0 = Release|Any CPU
	EndGlobalSection
	GlobalSection(SolutionProperties) = preSolution
		HideSolutionNode = FALSE
	EndGlobalSection
	GlobalSection(ExtensibilityGlobals) = postSolution
		SolutionGuid = {336BF877-F2B6-4652-842B-736FF2D89F5F}
	EndGlobalSection
EndGlobal
